// !$*UTF8*$!
{
	archiveVersion = 1;
	classes = {
	};
	objectVersion = 55;
	objects = {

/* Begin PBXBuildFile section */
		B619ECEB28ACE87400203B5C /* AppDelegate.swift in Sources */ = {isa = PBXBuildFile; fileRef = B619ECEA28ACE87400203B5C /* AppDelegate.swift */; };
		B619ECED28ACE87400203B5C /* SceneDelegate.swift in Sources */ = {isa = PBXBuildFile; fileRef = B619ECEC28ACE87400203B5C /* SceneDelegate.swift */; };
		B619ECEF28ACE87400203B5C /* ViewController.swift in Sources */ = {isa = PBXBuildFile; fileRef = B619ECEE28ACE87400203B5C /* ViewController.swift */; };
		B619ECF228ACE87400203B5C /* Main.storyboard in Resources */ = {isa = PBXBuildFile; fileRef = B619ECF028ACE87400203B5C /* Main.storyboard */; };
		B619ECF428ACE87900203B5C /* Assets.xcassets in Resources */ = {isa = PBXBuildFile; fileRef = B619ECF328ACE87900203B5C /* Assets.xcassets */; };
		B619ECF728ACE87900203B5C /* LaunchScreen.storyboard in Resources */ = {isa = PBXBuildFile; fileRef = B619ECF528ACE87900203B5C /* LaunchScreen.storyboard */; };
		B619ECFF28ACEAA100203B5C /* screen back.png in Resources */ = {isa = PBXBuildFile; fileRef = B619ECFE28ACEAA100203B5C /* screen back.png */; };
		B619ED0128ACF2AB00203B5C /* MainTopLabel.swift in Sources */ = {isa = PBXBuildFile; fileRef = B619ED0028ACF2AB00203B5C /* MainTopLabel.swift */; };
		B619ED0528ACF8F000203B5C /* LoginTextField.swift in Sources */ = {isa = PBXBuildFile; fileRef = B619ED0428ACF8F000203B5C /* LoginTextField.swift */; };
		B619ED0728ACFFAB00203B5C /* PasswordTextField.swift in Sources */ = {isa = PBXBuildFile; fileRef = B619ED0628ACFFAB00203B5C /* PasswordTextField.swift */; };
		B619ED0A28AD057200203B5C /* password.png in Resources */ = {isa = PBXBuildFile; fileRef = B619ED0828AD057100203B5C /* password.png */; };
		B619ED0B28AD057200203B5C /* login.png in Resources */ = {isa = PBXBuildFile; fileRef = B619ED0928AD057100203B5C /* login.png */; };
		B619ED0F28AD09B900203B5C /* StackView and Extensions.swift in Sources */ = {isa = PBXBuildFile; fileRef = B619ED0E28AD09B900203B5C /* StackView and Extensions.swift */; };
		B64C34DD28AD7DC300DA7B72 /* LoginButton.swift in Sources */ = {isa = PBXBuildFile; fileRef = B64C34DC28AD7DC300DA7B72 /* LoginButton.swift */; };
		B64C34DF28AD818100DA7B72 /* ForgotPasswordLabel.swift in Sources */ = {isa = PBXBuildFile; fileRef = B64C34DE28AD818100DA7B72 /* ForgotPasswordLabel.swift */; };
		B64C34E328AD927900DA7B72 /* ConnectionLabel.swift in Sources */ = {isa = PBXBuildFile; fileRef = B64C34E228AD927900DA7B72 /* ConnectionLabel.swift */; };
		B64C34E528AD95AF00DA7B72 /* FacebookButton.swift in Sources */ = {isa = PBXBuildFile; fileRef = B64C34E428AD95AF00DA7B72 /* FacebookButton.swift */; };
		B64C34E728AD99B000DA7B72 /* facebook.png in Resources */ = {isa = PBXBuildFile; fileRef = B64C34E628AD99B000DA7B72 /* facebook.png */; };
		B64C34E928AD9A0D00DA7B72 /* TwitterButton.swift in Sources */ = {isa = PBXBuildFile; fileRef = B64C34E828AD9A0D00DA7B72 /* TwitterButton.swift */; };
		B64C34EB28AD9AB500DA7B72 /* twitter.png in Resources */ = {isa = PBXBuildFile; fileRef = B64C34EA28AD9AB500DA7B72 /* twitter.png */; };
		B66480E028AE27F30002E5DC /* SignUpLabel.swift in Sources */ = {isa = PBXBuildFile; fileRef = B66480DF28AE27F30002E5DC /* SignUpLabel.swift */; };
/* End PBXBuildFile section */

/* Begin PBXFileReference section */
		B619ECE728ACE87400203B5C /* AuthorizationScreen.app */ = {isa = PBXFileReference; explicitFileType = wrapper.application; includeInIndex = 0; path = AuthorizationScreen.app; sourceTree = BUILT_PRODUCTS_DIR; };
		B619ECEA28ACE87400203B5C /* AppDelegate.swift */ = {isa = PBXFileReference; lastKnownFileType = sourcecode.swift; path = AppDelegate.swift; sourceTree = "<group>"; };
		B619ECEC28ACE87400203B5C /* SceneDelegate.swift */ = {isa = PBXFileReference; lastKnownFileType = sourcecode.swift; path = SceneDelegate.swift; sourceTree = "<group>"; };
		B619ECEE28ACE87400203B5C /* ViewController.swift */ = {isa = PBXFileReference; lastKnownFileType = sourcecode.swift; path = ViewController.swift; sourceTree = "<group>"; };
		B619ECF128ACE87400203B5C /* Base */ = {isa = PBXFileReference; lastKnownFileType = file.storyboard; name = Base; path = Base.lproj/Main.storyboard; sourceTree = "<group>"; };
		B619ECF328ACE87900203B5C /* Assets.xcassets */ = {isa = PBXFileReference; lastKnownFileType = folder.assetcatalog; path = Assets.xcassets; sourceTree = "<group>"; };
		B619ECF628ACE87900203B5C /* Base */ = {isa = PBXFileReference; lastKnownFileType = file.storyboard; name = Base; path = Base.lproj/LaunchScreen.storyboard; sourceTree = "<group>"; };
		B619ECF828ACE87900203B5C /* Info.plist */ = {isa = PBXFileReference; lastKnownFileType = text.plist.xml; path = Info.plist; sourceTree = "<group>"; };
		B619ECFE28ACEAA100203B5C /* screen back.png */ = {isa = PBXFileReference; lastKnownFileType = image.png; path = "screen back.png"; sourceTree = "<group>"; };
		B619ED0028ACF2AB00203B5C /* MainTopLabel.swift */ = {isa = PBXFileReference; lastKnownFileType = sourcecode.swift; path = MainTopLabel.swift; sourceTree = "<group>"; };
		B619ED0428ACF8F000203B5C /* LoginTextField.swift */ = {isa = PBXFileReference; lastKnownFileType = sourcecode.swift; path = LoginTextField.swift; sourceTree = "<group>"; };
		B619ED0628ACFFAB00203B5C /* PasswordTextField.swift */ = {isa = PBXFileReference; lastKnownFileType = sourcecode.swift; path = PasswordTextField.swift; sourceTree = "<group>"; };
		B619ED0828AD057100203B5C /* password.png */ = {isa = PBXFileReference; lastKnownFileType = image.png; path = password.png; sourceTree = "<group>"; };
		B619ED0928AD057100203B5C /* login.png */ = {isa = PBXFileReference; lastKnownFileType = image.png; path = login.png; sourceTree = "<group>"; };
		B619ED0E28AD09B900203B5C /* StackView and Extensions.swift */ = {isa = PBXFileReference; lastKnownFileType = sourcecode.swift; path = "StackView and Extensions.swift"; sourceTree = "<group>"; };
		B64C34DC28AD7DC300DA7B72 /* LoginButton.swift */ = {isa = PBXFileReference; lastKnownFileType = sourcecode.swift; path = LoginButton.swift; sourceTree = "<group>"; };
		B64C34DE28AD818100DA7B72 /* ForgotPasswordLabel.swift */ = {isa = PBXFileReference; lastKnownFileType = sourcecode.swift; path = ForgotPasswordLabel.swift; sourceTree = "<group>"; };
		B64C34E228AD927900DA7B72 /* ConnectionLabel.swift */ = {isa = PBXFileReference; lastKnownFileType = sourcecode.swift; path = ConnectionLabel.swift; sourceTree = "<group>"; };
		B64C34E428AD95AF00DA7B72 /* FacebookButton.swift */ = {isa = PBXFileReference; lastKnownFileType = sourcecode.swift; path = FacebookButton.swift; sourceTree = "<group>"; };
		B64C34E628AD99B000DA7B72 /* facebook.png */ = {isa = PBXFileReference; lastKnownFileType = image.png; path = facebook.png; sourceTree = "<group>"; };
		B64C34E828AD9A0D00DA7B72 /* TwitterButton.swift */ = {isa = PBXFileReference; lastKnownFileType = sourcecode.swift; path = TwitterButton.swift; sourceTree = "<group>"; };
		B64C34EA28AD9AB500DA7B72 /* twitter.png */ = {isa = PBXFileReference; lastKnownFileType = image.png; path = twitter.png; sourceTree = "<group>"; };
		B66480DF28AE27F30002E5DC /* SignUpLabel.swift */ = {isa = PBXFileReference; lastKnownFileType = sourcecode.swift; path = SignUpLabel.swift; sourceTree = "<group>"; };
/* End PBXFileReference section */

/* Begin PBXFrameworksBuildPhase section */
		B619ECE428ACE87400203B5C /* Frameworks */ = {
			isa = PBXFrameworksBuildPhase;
			buildActionMask = 2147483647;
			files = (
			);
			runOnlyForDeploymentPostprocessing = 0;
		};
/* End PBXFrameworksBuildPhase section */

/* Begin PBXGroup section */
		B619ECDE28ACE87400203B5C = {
			isa = PBXGroup;
			children = (
				B619ECE928ACE87400203B5C /* AuthorizationScreen */,
				B619ECE828ACE87400203B5C /* Products */,
			);
			sourceTree = "<group>";
		};
		B619ECE828ACE87400203B5C /* Products */ = {
			isa = PBXGroup;
			children = (
				B619ECE728ACE87400203B5C /* AuthorizationScreen.app */,
			);
			name = Products;
			sourceTree = "<group>";
		};
		B619ECE928ACE87400203B5C /* AuthorizationScreen */ = {
			isa = PBXGroup;
			children = (
				B6528A9228AECA4E00AB9D88 /* Application */,
				B6528A9428AECB4900AB9D88 /* Controllers */,
				B6528A9528AECB6600AB9D88 /* StackView  */,
				B6528A9628AECB9B00AB9D88 /* Labels */,
				B6528A9728AECBC400AB9D88 /* TextFields */,
				B6528A9828AECDA700AB9D88 /* Buttons */,
				B6528A9328AECA7C00AB9D88 /* Resources */,
				B619ECF028ACE87400203B5C /* Main.storyboard */,
			);
			path = AuthorizationScreen;
			sourceTree = "<group>";
		};
		B6528A9228AECA4E00AB9D88 /* Application */ = {
			isa = PBXGroup;
			children = (
				B619ECEA28ACE87400203B5C /* AppDelegate.swift */,
				B619ECEC28ACE87400203B5C /* SceneDelegate.swift */,
			);
			path = Application;
			sourceTree = "<group>";
		};
		B6528A9328AECA7C00AB9D88 /* Resources */ = {
			isa = PBXGroup;
			children = (
				B619ECF828ACE87900203B5C /* Info.plist */,
				B619ECF528ACE87900203B5C /* LaunchScreen.storyboard */,
				B619ECF328ACE87900203B5C /* Assets.xcassets */,
				B64C34EA28AD9AB500DA7B72 /* twitter.png */,
				B64C34E628AD99B000DA7B72 /* facebook.png */,
				B619ED0928AD057100203B5C /* login.png */,
				B619ED0828AD057100203B5C /* password.png */,
				B619ECFE28ACEAA100203B5C /* screen back.png */,
			);
			path = Resources;
			sourceTree = "<group>";
		};
		B6528A9428AECB4900AB9D88 /* Controllers */ = {
			isa = PBXGroup;
			children = (
				B619ECEE28ACE87400203B5C /* ViewController.swift */,
			);
			path = Controllers;
			sourceTree = "<group>";
		};
		B6528A9528AECB6600AB9D88 /* StackView  */ = {
			isa = PBXGroup;
			children = (
				B619ED0E28AD09B900203B5C /* StackView and Extensions.swift */,
			);
			path = "StackView ";
			sourceTree = "<group>";
		};
		B6528A9628AECB9B00AB9D88 /* Labels */ = {
			isa = PBXGroup;
			children = (
				B64C34DE28AD818100DA7B72 /* ForgotPasswordLabel.swift */,
				B619ED0028ACF2AB00203B5C /* MainTopLabel.swift */,
				B64C34E228AD927900DA7B72 /* ConnectionLabel.swift */,
				B66480DF28AE27F30002E5DC /* SignUpLabel.swift */,
			);
			path = Labels;
			sourceTree = "<group>";
		};
		B6528A9728AECBC400AB9D88 /* TextFields */ = {
			isa = PBXGroup;
			children = (
				B619ED0428ACF8F000203B5C /* LoginTextField.swift */,
				B619ED0628ACFFAB00203B5C /* PasswordTextField.swift */,
			);
			path = TextFields;
			sourceTree = "<group>";
		};
		B6528A9828AECDA700AB9D88 /* Buttons */ = {
			isa = PBXGroup;
			children = (
				B64C34DC28AD7DC300DA7B72 /* LoginButton.swift */,
				B64C34E428AD95AF00DA7B72 /* FacebookButton.swift */,
				B64C34E828AD9A0D00DA7B72 /* TwitterButton.swift */,
			);
			path = Buttons;
			sourceTree = "<group>";
		};
/* End PBXGroup section */

/* Begin PBXNativeTarget section */
		B619ECE628ACE87400203B5C /* AuthorizationScreen */ = {
			isa = PBXNativeTarget;
			buildConfigurationList = B619ECFB28ACE87900203B5C /* Build configuration list for PBXNativeTarget "AuthorizationScreen" */;
			buildPhases = (
				B619ECE328ACE87400203B5C /* Sources */,
				B619ECE428ACE87400203B5C /* Frameworks */,
				B619ECE528ACE87400203B5C /* Resources */,
			);
			buildRules = (
			);
			dependencies = (
			);
			name = AuthorizationScreen;
			productName = AuthorizationScreen;
			productReference = B619ECE728ACE87400203B5C /* AuthorizationScreen.app */;
			productType = "com.apple.product-type.application";
		};
/* End PBXNativeTarget section */

/* Begin PBXProject section */
		B619ECDF28ACE87400203B5C /* Project object */ = {
			isa = PBXProject;
			attributes = {
				BuildIndependentTargetsInParallel = 1;
				LastSwiftUpdateCheck = 1340;
				LastUpgradeCheck = 1340;
				TargetAttributes = {
					B619ECE628ACE87400203B5C = {
						CreatedOnToolsVersion = 13.4;
					};
				};
			};
			buildConfigurationList = B619ECE228ACE87400203B5C /* Build configuration list for PBXProject "AuthorizationScreen" */;
			compatibilityVersion = "Xcode 13.0";
			developmentRegion = en;
			hasScannedForEncodings = 0;
			knownRegions = (
				en,
				Base,
			);
			mainGroup = B619ECDE28ACE87400203B5C;
			productRefGroup = B619ECE828ACE87400203B5C /* Products */;
			projectDirPath = "";
			projectRoot = "";
			targets = (
				B619ECE628ACE87400203B5C /* AuthorizationScreen */,
			);
		};
/* End PBXProject section */

/* Begin PBXResourcesBuildPhase section */
		B619ECE528ACE87400203B5C /* Resources */ = {
			isa = PBXResourcesBuildPhase;
			buildActionMask = 2147483647;
			files = (
				B619ECF728ACE87900203B5C /* LaunchScreen.storyboard in Resources */,
				B64C34EB28AD9AB500DA7B72 /* twitter.png in Resources */,
				B619ED0B28AD057200203B5C /* login.png in Resources */,
				B619ECF428ACE87900203B5C /* Assets.xcassets in Resources */,
				B64C34E728AD99B000DA7B72 /* facebook.png in Resources */,
				B619ED0A28AD057200203B5C /* password.png in Resources */,
				B619ECF228ACE87400203B5C /* Main.storyboard in Resources */,
				B619ECFF28ACEAA100203B5C /* screen back.png in Resources */,
			);
			runOnlyForDeploymentPostprocessing = 0;
		};
/* End PBXResourcesBuildPhase section */

/* Begin PBXSourcesBuildPhase section */
		B619ECE328ACE87400203B5C /* Sources */ = {
			isa = PBXSourcesBuildPhase;
			buildActionMask = 2147483647;
			files = (
				B64C34E328AD927900DA7B72 /* ConnectionLabel.swift in Sources */,
				B619ECEF28ACE87400203B5C /* ViewController.swift in Sources */,
				B66480E028AE27F30002E5DC /* SignUpLabel.swift in Sources */,
				B64C34DD28AD7DC300DA7B72 /* LoginButton.swift in Sources */,
				B619ED0128ACF2AB00203B5C /* MainTopLabel.swift in Sources */,
				B64C34E528AD95AF00DA7B72 /* FacebookButton.swift in Sources */,
				B619ED0728ACFFAB00203B5C /* PasswordTextField.swift in Sources */,
				B619ED0F28AD09B900203B5C /* StackView and Extensions.swift in Sources */,
				B619ECEB28ACE87400203B5C /* AppDelegate.swift in Sources */,
				B64C34DF28AD818100DA7B72 /* ForgotPasswordLabel.swift in Sources */,
				B64C34E928AD9A0D00DA7B72 /* TwitterButton.swift in Sources */,
				B619ECED28ACE87400203B5C /* SceneDelegate.swift in Sources */,
				B619ED0528ACF8F000203B5C /* LoginTextField.swift in Sources */,
			);
			runOnlyForDeploymentPostprocessing = 0;
		};
/* End PBXSourcesBuildPhase section */

/* Begin PBXVariantGroup section */
		B619ECF028ACE87400203B5C /* Main.storyboard */ = {
			isa = PBXVariantGroup;
			children = (
				B619ECF128ACE87400203B5C /* Base */,
			);
			name = Main.storyboard;
			sourceTree = "<group>";
		};
		B619ECF528ACE87900203B5C /* LaunchScreen.storyboard */ = {
			isa = PBXVariantGroup;
			children = (
				B619ECF628ACE87900203B5C /* Base */,
			);
			name = LaunchScreen.storyboard;
			sourceTree = "<group>";
		};
/* End PBXVariantGroup section */

/* Begin XCBuildConfiguration section */
		B619ECF928ACE87900203B5C /* Debug */ = {
			isa = XCBuildConfiguration;
			buildSettings = {
				ALWAYS_SEARCH_USER_PATHS = NO;
				CLANG_ANALYZER_NONNULL = YES;
				CLANG_ANALYZER_NUMBER_OBJECT_CONVERSION = YES_AGGRESSIVE;
				CLANG_CXX_LANGUAGE_STANDARD = "gnu++17";
				CLANG_ENABLE_MODULES = YES;
				CLANG_ENABLE_OBJC_ARC = YES;
				CLANG_ENABLE_OBJC_WEAK = YES;
				CLANG_WARN_BLOCK_CAPTURE_AUTORELEASING = YES;
				CLANG_WARN_BOOL_CONVERSION = YES;
				CLANG_WARN_COMMA = YES;
				CLANG_WARN_CONSTANT_CONVERSION = YES;
				CLANG_WARN_DEPRECATED_OBJC_IMPLEMENTATIONS = YES;
				CLANG_WARN_DIRECT_OBJC_ISA_USAGE = YES_ERROR;
				CLANG_WARN_DOCUMENTATION_COMMENTS = YES;
				CLANG_WARN_EMPTY_BODY = YES;
				CLANG_WARN_ENUM_CONVERSION = YES;
				CLANG_WARN_INFINITE_RECURSION = YES;
				CLANG_WARN_INT_CONVERSION = YES;
				CLANG_WARN_NON_LITERAL_NULL_CONVERSION = YES;
				CLANG_WARN_OBJC_IMPLICIT_RETAIN_SELF = YES;
				CLANG_WARN_OBJC_LITERAL_CONVERSION = YES;
				CLANG_WARN_OBJC_ROOT_CLASS = YES_ERROR;
				CLANG_WARN_QUOTED_INCLUDE_IN_FRAMEWORK_HEADER = YES;
				CLANG_WARN_RANGE_LOOP_ANALYSIS = YES;
				CLANG_WARN_STRICT_PROTOTYPES = YES;
				CLANG_WARN_SUSPICIOUS_MOVE = YES;
				CLANG_WARN_UNGUARDED_AVAILABILITY = YES_AGGRESSIVE;
				CLANG_WARN_UNREACHABLE_CODE = YES;
				CLANG_WARN__DUPLICATE_METHOD_MATCH = YES;
				COPY_PHASE_STRIP = NO;
				DEBUG_INFORMATION_FORMAT = dwarf;
				ENABLE_STRICT_OBJC_MSGSEND = YES;
				ENABLE_TESTABILITY = YES;
				GCC_C_LANGUAGE_STANDARD = gnu11;
				GCC_DYNAMIC_NO_PIC = NO;
				GCC_NO_COMMON_BLOCKS = YES;
				GCC_OPTIMIZATION_LEVEL = 0;
				GCC_PREPROCESSOR_DEFINITIONS = (
					"DEBUG=1",
					"$(inherited)",
				);
				GCC_WARN_64_TO_32_BIT_CONVERSION = YES;
				GCC_WARN_ABOUT_RETURN_TYPE = YES_ERROR;
				GCC_WARN_UNDECLARED_SELECTOR = YES;
				GCC_WARN_UNINITIALIZED_AUTOS = YES_AGGRESSIVE;
				GCC_WARN_UNUSED_FUNCTION = YES;
				GCC_WARN_UNUSED_VARIABLE = YES;
				IPHONEOS_DEPLOYMENT_TARGET = 15.5;
				MTL_ENABLE_DEBUG_INFO = INCLUDE_SOURCE;
				MTL_FAST_MATH = YES;
				ONLY_ACTIVE_ARCH = YES;
				SDKROOT = iphoneos;
				SWIFT_ACTIVE_COMPILATION_CONDITIONS = DEBUG;
				SWIFT_OPTIMIZATION_LEVEL = "-Onone";
			};
			name = Debug;
		};
		B619ECFA28ACE87900203B5C /* Release */ = {
			isa = XCBuildConfiguration;
			buildSettings = {
				ALWAYS_SEARCH_USER_PATHS = NO;
				CLANG_ANALYZER_NONNULL = YES;
				CLANG_ANALYZER_NUMBER_OBJECT_CONVERSION = YES_AGGRESSIVE;
				CLANG_CXX_LANGUAGE_STANDARD = "gnu++17";
				CLANG_ENABLE_MODULES = YES;
				CLANG_ENABLE_OBJC_ARC = YES;
				CLANG_ENABLE_OBJC_WEAK = YES;
				CLANG_WARN_BLOCK_CAPTURE_AUTORELEASING = YES;
				CLANG_WARN_BOOL_CONVERSION = YES;
				CLANG_WARN_COMMA = YES;
				CLANG_WARN_CONSTANT_CONVERSION = YES;
				CLANG_WARN_DEPRECATED_OBJC_IMPLEMENTATIONS = YES;
				CLANG_WARN_DIRECT_OBJC_ISA_USAGE = YES_ERROR;
				CLANG_WARN_DOCUMENTATION_COMMENTS = YES;
				CLANG_WARN_EMPTY_BODY = YES;
				CLANG_WARN_ENUM_CONVERSION = YES;
				CLANG_WARN_INFINITE_RECURSION = YES;
				CLANG_WARN_INT_CONVERSION = YES;
				CLANG_WARN_NON_LITERAL_NULL_CONVERSION = YES;
				CLANG_WARN_OBJC_IMPLICIT_RETAIN_SELF = YES;
				CLANG_WARN_OBJC_LITERAL_CONVERSION = YES;
				CLANG_WARN_OBJC_ROOT_CLASS = YES_ERROR;
				CLANG_WARN_QUOTED_INCLUDE_IN_FRAMEWORK_HEADER = YES;
				CLANG_WARN_RANGE_LOOP_ANALYSIS = YES;
				CLANG_WARN_STRICT_PROTOTYPES = YES;
				CLANG_WARN_SUSPICIOUS_MOVE = YES;
				CLANG_WARN_UNGUARDED_AVAILABILITY = YES_AGGRESSIVE;
				CLANG_WARN_UNREACHABLE_CODE = YES;
				CLANG_WARN__DUPLICATE_METHOD_MATCH = YES;
				COPY_PHASE_STRIP = NO;
				DEBUG_INFORMATION_FORMAT = "dwarf-with-dsym";
				ENABLE_NS_ASSERTIONS = NO;
				ENABLE_STRICT_OBJC_MSGSEND = YES;
				GCC_C_LANGUAGE_STANDARD = gnu11;
				GCC_NO_COMMON_BLOCKS = YES;
				GCC_WARN_64_TO_32_BIT_CONVERSION = YES;
				GCC_WARN_ABOUT_RETURN_TYPE = YES_ERROR;
				GCC_WARN_UNDECLARED_SELECTOR = YES;
				GCC_WARN_UNINITIALIZED_AUTOS = YES_AGGRESSIVE;
				GCC_WARN_UNUSED_FUNCTION = YES;
				GCC_WARN_UNUSED_VARIABLE = YES;
				IPHONEOS_DEPLOYMENT_TARGET = 15.5;
				MTL_ENABLE_DEBUG_INFO = NO;
				MTL_FAST_MATH = YES;
				SDKROOT = iphoneos;
				SWIFT_COMPILATION_MODE = wholemodule;
				SWIFT_OPTIMIZATION_LEVEL = "-O";
				VALIDATE_PRODUCT = YES;
			};
			name = Release;
		};
		B619ECFC28ACE87900203B5C /* Debug */ = {
			isa = XCBuildConfiguration;
			buildSettings = {
				ASSETCATALOG_COMPILER_APPICON_NAME = AppIcon;
				ASSETCATALOG_COMPILER_GLOBAL_ACCENT_COLOR_NAME = AccentColor;
				CODE_SIGN_STYLE = Automatic;
				CURRENT_PROJECT_VERSION = 1;
				DEVELOPMENT_TEAM = RCLUGGB3X5;
				GENERATE_INFOPLIST_FILE = YES;
				INFOPLIST_FILE = AuthorizationScreen/Resources/Info.plist;
				INFOPLIST_KEY_UIApplicationSupportsIndirectInputEvents = YES;
				INFOPLIST_KEY_UILaunchStoryboardName = LaunchScreen;
				INFOPLIST_KEY_UIMainStoryboardFile = Main;
				INFOPLIST_KEY_UISupportedInterfaceOrientations_iPad = "UIInterfaceOrientationPortrait UIInterfaceOrientationPortraitUpsideDown UIInterfaceOrientationLandscapeLeft UIInterfaceOrientationLandscapeRight";
				INFOPLIST_KEY_UISupportedInterfaceOrientations_iPhone = "UIInterfaceOrientationPortrait UIInterfaceOrientationLandscapeLeft UIInterfaceOrientationLandscapeRight";
				LD_RUNPATH_SEARCH_PATHS = (
					"$(inherited)",
					"@executable_path/Frameworks",
				);
				MARKETING_VERSION = 1.0;
				PRODUCT_BUNDLE_IDENTIFIER = com.my.AuthorizationScreen;
				PRODUCT_NAME = "$(TARGET_NAME)";
				SWIFT_EMIT_LOC_STRINGS = YES;
				SWIFT_VERSION = 5.0;
				TARGETED_DEVICE_FAMILY = "1,2";
			};
			name = Debug;
		};
		B619ECFD28ACE87900203B5C /* Release */ = {
			isa = XCBuildConfiguration;
			buildSettings = {
				ASSETCATALOG_COMPILER_APPICON_NAME = AppIcon;
				ASSETCATALOG_COMPILER_GLOBAL_ACCENT_COLOR_NAME = AccentColor;
				CODE_SIGN_STYLE = Automatic;
				CURRENT_PROJECT_VERSION = 1;
				DEVELOPMENT_TEAM = RCLUGGB3X5;
				GENERATE_INFOPLIST_FILE = YES;
				INFOPLIST_FILE = AuthorizationScreen/Resources/Info.plist;
				INFOPLIST_KEY_UIApplicationSupportsIndirectInputEvents = YES;
				INFOPLIST_KEY_UILaunchStoryboardName = LaunchScreen;
				INFOPLIST_KEY_UIMainStoryboardFile = Main;
				INFOPLIST_KEY_UISupportedInterfaceOrientations_iPad = "UIInterfaceOrientationPortrait UIInterfaceOrientationPortraitUpsideDown UIInterfaceOrientationLandscapeLeft UIInterfaceOrientationLandscapeRight";
				INFOPLIST_KEY_UISupportedInterfaceOrientations_iPhone = "UIInterfaceOrientationPortrait UIInterfaceOrientationLandscapeLeft UIInterfaceOrientationLandscapeRight";
				LD_RUNPATH_SEARCH_PATHS = (
					"$(inherited)",
					"@executable_path/Frameworks",
				);
				MARKETING_VERSION = 1.0;
				PRODUCT_BUNDLE_IDENTIFIER = com.my.AuthorizationScreen;
				PRODUCT_NAME = "$(TARGET_NAME)";
				SWIFT_EMIT_LOC_STRINGS = YES;
				SWIFT_VERSION = 5.0;
				TARGETED_DEVICE_FAMILY = "1,2";
			};
			name = Release;
		};
/* End XCBuildConfiguration section */

/* Begin XCConfigurationList section */
		B619ECE228ACE87400203B5C /* Build configuration list for PBXProject "AuthorizationScreen" */ = {
			isa = XCConfigurationList;
			buildConfigurations = (
				B619ECF928ACE87900203B5C /* Debug */,
				B619ECFA28ACE87900203B5C /* Release */,
			);
			defaultConfigurationIsVisible = 0;
			defaultConfigurationName = Release;
		};
		B619ECFB28ACE87900203B5C /* Build configuration list for PBXNativeTarget "AuthorizationScreen" */ = {
			isa = XCConfigurationList;
			buildConfigurations = (
				B619ECFC28ACE87900203B5C /* Debug */,
				B619ECFD28ACE87900203B5C /* Release */,
			);
			defaultConfigurationIsVisible = 0;
			defaultConfigurationName = Release;
		};
/* End XCConfigurationList section */
	};
	rootObject = B619ECDF28ACE87400203B5C /* Project object */;
}
